hash: 1591b4c33145716807244aa953685b800098f207582ca9061c5852624a73154c
updated: 2017-08-13T10:51:43.658386435+02:00
imports:
- name: github.com/bboortz/go-utils
  version: 982ffa6be50d2027fa59e755708d2d825b8aa436
  subpackages:
  - logger
  - sliceutil
  - stack
  - strings
  - stringutil
- name: github.com/BurntSushi/toml
  version: b26d9c308763d68093482582cea63d69be07a0f0
- name: github.com/urfave/cli
  version: cfb38830724cc34fedffe9a2a29fb54fa9169cd1
testImports: []
