hash: 4d21b45ad57d2f5cc12cd995c9c424a6437e26a5263dc8fcfcff8c933b00521e
updated: 2017-08-13T01:23:59.958518091+02:00
imports:
- name: github.com/bboortz/go-utils
  version: 419d3ee9697518d37998ab12aef5a81a11040cdb
  subpackages:
  - logger
  - slices
  - stack
- name: github.com/BurntSushi/toml
  version: b26d9c308763d68093482582cea63d69be07a0f0
- name: github.com/urfave/cli
  version: cfb38830724cc34fedffe9a2a29fb54fa9169cd1
testImports: []
