hash: fa0383cdf13d24729930809d8cfafc7cbc43495fcf5d41385bbf1c9033c033db
updated: 2017-08-20T10:05:32.009746274+02:00
imports:
- name: github.com/bboortz/go-utils
  version: d31837f201aadf32fdc7efaeba26e9033da0e539
  subpackages:
  - command
  - logger
  - sliceutil
  - stack
  - strings
  - stringutil
  - user
- name: github.com/BurntSushi/toml
  version: b26d9c308763d68093482582cea63d69be07a0f0
- name: github.com/urfave/cli
  version: cfb38830724cc34fedffe9a2a29fb54fa9169cd1
testImports: []
